
Microsoft Visual Studio Solution File, Format Version 12.00
# Visual Studio Version 16
VisualStudioVersion = 16.0.31019.35
MinimumVisualStudioVersion = 10.0.40219.1
Project("{8BC9CEB8-8B4A-11D0-8D11-00A0C91BC942}") = "Aula2-Consolidacao", "Aula2-Consolidacao\Aula2-Consolidacao.vcxproj", "{B914103A-33EE-4D1D-9D3B-97031609A5DE}"
EndProject
Project("{8BC9CEB8-8B4A-11D0-8D11-00A0C91BC942}") = "Aula3-Exercicio", "Aula3-Exercicio\Aula3-Exercicio.vcxproj", "{563DBF0A-F6F1-4EC5-9552-693750E45C7D}"
EndProject
Project("{8BC9CEB8-8B4A-11D0-8D11-00A0C91BC942}") = "Aula4-Arrays", "Aula4-Arrays\Aula4-Arrays.vcxproj", "{4EFD16ED-56B7-4709-853F-2DD13D93CBA7}"
EndProject
Project("{8BC9CEB8-8B4A-11D0-8D11-00A0C91BC942}") = "Aula5-Apontadores", "Aula5-Apontadores\Aula5-Apontadores.vcxproj", "{222B6FCF-8E57-412E-B464-B0BE5A8D308D}"
EndProject
Project("{8BC9CEB8-8B4A-11D0-8D11-00A0C91BC942}") = "Aula6-Apontadores", "Aula6-Apontadores\Aula6-Apontadores.vcxproj", "{9AA1AB85-F73A-41AB-9B3E-1D65F501DDFD}"
EndProject
Project("{8BC9CEB8-8B4A-11D0-8D11-00A0C91BC942}") = "Aula7-Apontadores", "Aula7-Apontadores\Aula7-Apontadores.vcxproj", "{CCF9E580-0E14-430E-BB84-DB009385C058}"
EndProject
Project("{8BC9CEB8-8B4A-11D0-8D11-00A0C91BC942}") = "Aula8-EstruturasDadosDinaamicas", "Aula8-EstruturasDadosDinamicas\Aula8-EstruturasDadosDinaamicas.vcxproj", "{586A6F16-B605-47BE-A63E-0B21CF4B1DD4}"
EndProject
Project("{8BC9CEB8-8B4A-11D0-8D11-00A0C91BC942}") = "Aula 2-Calculadora", "Aula2-Calculadora\Calculadora.vcxproj", "{CC18E95D-75D7-42E9-8FB9-A82586C8DCDD}"
EndProject
Project("{8BC9CEB8-8B4A-11D0-8D11-00A0C91BC942}") = "Aula9-Listas", "Aula9-Listas\Aula9-Listas.vcxproj", "{C2AAC8E3-CB97-4A37-A0F5-05E6B58E5DD8}"
EndProject
Project("{8BC9CEB8-8B4A-11D0-8D11-00A0C91BC942}") = "Aula10-ListasLigadasSimples", "Aula10-ListasLigadasSimples\Aula10-ListasLigadasSimples.vcxproj", "{FC60811D-8DCD-4F2F-8F11-D35A1D3FB6EE}"
EndProject
Project("{8BC9CEB8-8B4A-11D0-8D11-00A0C91BC942}") = "Aula11-ListasLigadasSimples-Ficheiros", "Aula11-ListasLigadasSimples-Ficheiros\Aula11-ListasLigadasSimples-Ficheiros.vcxproj", "{C8F0CA59-07BE-4045-80DF-1FA385EBDCFE}"
EndProject
Project("{8BC9CEB8-8B4A-11D0-8D11-00A0C91BC942}") = "Aula12 - Ficheiros Texto", "Aula12 - Ficheiros\Aula 12 - Ficheiros - Basico\Aula 12 - Ficheiros - Basico.vcxproj", "{910AEA4F-C756-49BC-AB22-28C7AD0C526D}"
EndProject
Project("{8BC9CEB8-8B4A-11D0-8D11-00A0C91BC942}") = "Aula12 - Ficheiros Binarios", "Aula12 - Ficheiros\Aula 12 - Ficheiros Binarios\Aula 12 - Ficheiros Binarios.vcxproj", "{FCAB2C0A-8C12-4513-A2DD-B3AA0314F4ED}"
EndProject
Project("{8BC9CEB8-8B4A-11D0-8D11-00A0C91BC942}") = "Aula12 - Reutilizacao de Codigo - Ficheiros", "Aula12 - Reutilizacao de Codigo\Aula12 - Reutilizacao de Codigo.vcxproj", "{FE50182A-6DF6-4C48-ABAA-E8C207908AA7}"
EndProject
Project("{8BC9CEB8-8B4A-11D0-8D11-00A0C91BC942}") = "Aula12 - Ficheiros - Operacoes", "Aula12 - Ficheiros\Aula 12 - Ficheiros - Operacoes\Aula 12 - Ficheiros - Operacoes.vcxproj", "{C33280EA-35C5-48AE-86D8-B7888BD5F7F1}"
EndProject
Project("{8BC9CEB8-8B4A-11D0-8D11-00A0C91BC942}") = "Aula13 - Revisoes", "Aula13 - Revisoes\Aula13 - Revisoes.vcxproj", "{39887302-A369-4C19-9BF6-779130B07611}"
EndProject
Project("{8BC9CEB8-8B4A-11D0-8D11-00A0C91BC942}") = "Aula14-Libs", "Aula14-Libs\Aula14-Libs.vcxproj", "{65E7BFA0-1CCA-4A6F-B001-3FC3AAF89527}"
EndProject
Project("{8BC9CEB8-8B4A-11D0-8D11-00A0C91BC942}") = "Aula14-UsaLib", "Aula14-UsaLib\Aula14-UsaLib.vcxproj", "{BBA111C4-DF29-43D4-B846-EE94D36CBA80}"
EndProject
Project("{8BC9CEB8-8B4A-11D0-8D11-00A0C91BC942}") = "Aula15-Graphs", "Aula15-Graphs\PlotTest.vcxproj", "{1DBF2E5A-E568-44BD-90DD-C6674A77F7AD}"
EndProject
Project("{8BC9CEB8-8B4A-11D0-8D11-00A0C91BC942}") = "Aula16-Exercicio 2 - Folha 5", "Aula16-Exercicio 2 - Folha 5\Aula16-Exercicio 2 - Folha 5.vcxproj", "{AC373726-D5B2-4CED-A58A-F78D3E1F8633}"
EndProject
Project("{8BC9CEB8-8B4A-11D0-8D11-00A0C91BC942}") = "Aula16-LibLista", "Aula16-LibLista\Aula16-LibLista.vcxproj", "{401A0A1F-ECB1-4122-A4A0-46A90E0E23FF}"
EndProject
Project("{8BC9CEB8-8B4A-11D0-8D11-00A0C91BC942}") = "Aula-Servicos-JSON", "Aula-Servicos-JSON\Aula-Servicos-JSON.vcxproj", "{62D3A7E1-F619-4B80-B694-861CD60B0CAB}"
EndProject
Project("{8BC9CEB8-8B4A-11D0-8D11-00A0C91BC942}") = "Aula-Servicos-Seguranca", "Aula-Servicos-Seguranca\Aula-Servicos-Seguranca.vcxproj", "{5C6C84CC-8C00-4741-8F89-EDBAD6BB1128}"
EndProject
Global
	GlobalSection(SolutionConfigurationPlatforms) = preSolution
		Debug|x64 = Debug|x64
		Debug|x86 = Debug|x86
		Release|x64 = Release|x64
		Release|x86 = Release|x86
	EndGlobalSection
	GlobalSection(ProjectConfigurationPlatforms) = postSolution
		{B914103A-33EE-4D1D-9D3B-97031609A5DE}.Debug|x64.ActiveCfg = Debug|x64
		{B914103A-33EE-4D1D-9D3B-97031609A5DE}.Debug|x64.Build.0 = Debug|x64
		{B914103A-33EE-4D1D-9D3B-97031609A5DE}.Debug|x86.ActiveCfg = Debug|Win32
		{B914103A-33EE-4D1D-9D3B-97031609A5DE}.Debug|x86.Build.0 = Debug|Win32
		{B914103A-33EE-4D1D-9D3B-97031609A5DE}.Release|x64.ActiveCfg = Release|x64
		{B914103A-33EE-4D1D-9D3B-97031609A5DE}.Release|x64.Build.0 = Release|x64
		{B914103A-33EE-4D1D-9D3B-97031609A5DE}.Release|x86.ActiveCfg = Release|Win32
		{B914103A-33EE-4D1D-9D3B-97031609A5DE}.Release|x86.Build.0 = Release|Win32
		{563DBF0A-F6F1-4EC5-9552-693750E45C7D}.Debug|x64.ActiveCfg = Debug|x64
		{563DBF0A-F6F1-4EC5-9552-693750E45C7D}.Debug|x64.Build.0 = Debug|x64
		{563DBF0A-F6F1-4EC5-9552-693750E45C7D}.Debug|x86.ActiveCfg = Debug|Win32
		{563DBF0A-F6F1-4EC5-9552-693750E45C7D}.Debug|x86.Build.0 = Debug|Win32
		{563DBF0A-F6F1-4EC5-9552-693750E45C7D}.Release|x64.ActiveCfg = Release|x64
		{563DBF0A-F6F1-4EC5-9552-693750E45C7D}.Release|x64.Build.0 = Release|x64
		{563DBF0A-F6F1-4EC5-9552-693750E45C7D}.Release|x86.ActiveCfg = Release|Win32
		{563DBF0A-F6F1-4EC5-9552-693750E45C7D}.Release|x86.Build.0 = Release|Win32
		{4EFD16ED-56B7-4709-853F-2DD13D93CBA7}.Debug|x64.ActiveCfg = Debug|x64
		{4EFD16ED-56B7-4709-853F-2DD13D93CBA7}.Debug|x64.Build.0 = Debug|x64
		{4EFD16ED-56B7-4709-853F-2DD13D93CBA7}.Debug|x86.ActiveCfg = Debug|Win32
		{4EFD16ED-56B7-4709-853F-2DD13D93CBA7}.Debug|x86.Build.0 = Debug|Win32
		{4EFD16ED-56B7-4709-853F-2DD13D93CBA7}.Release|x64.ActiveCfg = Release|x64
		{4EFD16ED-56B7-4709-853F-2DD13D93CBA7}.Release|x64.Build.0 = Release|x64
		{4EFD16ED-56B7-4709-853F-2DD13D93CBA7}.Release|x86.ActiveCfg = Release|Win32
		{4EFD16ED-56B7-4709-853F-2DD13D93CBA7}.Release|x86.Build.0 = Release|Win32
		{222B6FCF-8E57-412E-B464-B0BE5A8D308D}.Debug|x64.ActiveCfg = Debug|x64
		{222B6FCF-8E57-412E-B464-B0BE5A8D308D}.Debug|x64.Build.0 = Debug|x64
		{222B6FCF-8E57-412E-B464-B0BE5A8D308D}.Debug|x86.ActiveCfg = Debug|Win32
		{222B6FCF-8E57-412E-B464-B0BE5A8D308D}.Debug|x86.Build.0 = Debug|Win32
		{222B6FCF-8E57-412E-B464-B0BE5A8D308D}.Release|x64.ActiveCfg = Release|x64
		{222B6FCF-8E57-412E-B464-B0BE5A8D308D}.Release|x64.Build.0 = Release|x64
		{222B6FCF-8E57-412E-B464-B0BE5A8D308D}.Release|x86.ActiveCfg = Release|Win32
		{222B6FCF-8E57-412E-B464-B0BE5A8D308D}.Release|x86.Build.0 = Release|Win32
		{9AA1AB85-F73A-41AB-9B3E-1D65F501DDFD}.Debug|x64.ActiveCfg = Debug|x64
		{9AA1AB85-F73A-41AB-9B3E-1D65F501DDFD}.Debug|x64.Build.0 = Debug|x64
		{9AA1AB85-F73A-41AB-9B3E-1D65F501DDFD}.Debug|x86.ActiveCfg = Debug|Win32
		{9AA1AB85-F73A-41AB-9B3E-1D65F501DDFD}.Debug|x86.Build.0 = Debug|Win32
		{9AA1AB85-F73A-41AB-9B3E-1D65F501DDFD}.Release|x64.ActiveCfg = Release|x64
		{9AA1AB85-F73A-41AB-9B3E-1D65F501DDFD}.Release|x64.Build.0 = Release|x64
		{9AA1AB85-F73A-41AB-9B3E-1D65F501DDFD}.Release|x86.ActiveCfg = Release|Win32
		{9AA1AB85-F73A-41AB-9B3E-1D65F501DDFD}.Release|x86.Build.0 = Release|Win32
		{CCF9E580-0E14-430E-BB84-DB009385C058}.Debug|x64.ActiveCfg = Debug|x64
		{CCF9E580-0E14-430E-BB84-DB009385C058}.Debug|x64.Build.0 = Debug|x64
		{CCF9E580-0E14-430E-BB84-DB009385C058}.Debug|x86.ActiveCfg = Debug|Win32
		{CCF9E580-0E14-430E-BB84-DB009385C058}.Debug|x86.Build.0 = Debug|Win32
		{CCF9E580-0E14-430E-BB84-DB009385C058}.Release|x64.ActiveCfg = Release|x64
		{CCF9E580-0E14-430E-BB84-DB009385C058}.Release|x64.Build.0 = Release|x64
		{CCF9E580-0E14-430E-BB84-DB009385C058}.Release|x86.ActiveCfg = Release|Win32
		{CCF9E580-0E14-430E-BB84-DB009385C058}.Release|x86.Build.0 = Release|Win32
		{586A6F16-B605-47BE-A63E-0B21CF4B1DD4}.Debug|x64.ActiveCfg = Debug|x64
		{586A6F16-B605-47BE-A63E-0B21CF4B1DD4}.Debug|x64.Build.0 = Debug|x64
		{586A6F16-B605-47BE-A63E-0B21CF4B1DD4}.Debug|x86.ActiveCfg = Debug|Win32
		{586A6F16-B605-47BE-A63E-0B21CF4B1DD4}.Debug|x86.Build.0 = Debug|Win32
		{586A6F16-B605-47BE-A63E-0B21CF4B1DD4}.Release|x64.ActiveCfg = Release|x64
		{586A6F16-B605-47BE-A63E-0B21CF4B1DD4}.Release|x64.Build.0 = Release|x64
		{586A6F16-B605-47BE-A63E-0B21CF4B1DD4}.Release|x86.ActiveCfg = Release|Win32
		{586A6F16-B605-47BE-A63E-0B21CF4B1DD4}.Release|x86.Build.0 = Release|Win32
		{CC18E95D-75D7-42E9-8FB9-A82586C8DCDD}.Debug|x64.ActiveCfg = Debug|x64
		{CC18E95D-75D7-42E9-8FB9-A82586C8DCDD}.Debug|x64.Build.0 = Debug|x64
		{CC18E95D-75D7-42E9-8FB9-A82586C8DCDD}.Debug|x86.ActiveCfg = Debug|Win32
		{CC18E95D-75D7-42E9-8FB9-A82586C8DCDD}.Debug|x86.Build.0 = Debug|Win32
		{CC18E95D-75D7-42E9-8FB9-A82586C8DCDD}.Release|x64.ActiveCfg = Release|x64
		{CC18E95D-75D7-42E9-8FB9-A82586C8DCDD}.Release|x64.Build.0 = Release|x64
		{CC18E95D-75D7-42E9-8FB9-A82586C8DCDD}.Release|x86.ActiveCfg = Release|Win32
		{CC18E95D-75D7-42E9-8FB9-A82586C8DCDD}.Release|x86.Build.0 = Release|Win32
		{C2AAC8E3-CB97-4A37-A0F5-05E6B58E5DD8}.Debug|x64.ActiveCfg = Debug|x64
		{C2AAC8E3-CB97-4A37-A0F5-05E6B58E5DD8}.Debug|x64.Build.0 = Debug|x64
		{C2AAC8E3-CB97-4A37-A0F5-05E6B58E5DD8}.Debug|x86.ActiveCfg = Debug|Win32
		{C2AAC8E3-CB97-4A37-A0F5-05E6B58E5DD8}.Debug|x86.Build.0 = Debug|Win32
		{C2AAC8E3-CB97-4A37-A0F5-05E6B58E5DD8}.Release|x64.ActiveCfg = Release|x64
		{C2AAC8E3-CB97-4A37-A0F5-05E6B58E5DD8}.Release|x64.Build.0 = Release|x64
		{C2AAC8E3-CB97-4A37-A0F5-05E6B58E5DD8}.Release|x86.ActiveCfg = Release|Win32
		{C2AAC8E3-CB97-4A37-A0F5-05E6B58E5DD8}.Release|x86.Build.0 = Release|Win32
		{FC60811D-8DCD-4F2F-8F11-D35A1D3FB6EE}.Debug|x64.ActiveCfg = Debug|x64
		{FC60811D-8DCD-4F2F-8F11-D35A1D3FB6EE}.Debug|x64.Build.0 = Debug|x64
		{FC60811D-8DCD-4F2F-8F11-D35A1D3FB6EE}.Debug|x86.ActiveCfg = Debug|Win32
		{FC60811D-8DCD-4F2F-8F11-D35A1D3FB6EE}.Debug|x86.Build.0 = Debug|Win32
		{FC60811D-8DCD-4F2F-8F11-D35A1D3FB6EE}.Release|x64.ActiveCfg = Release|x64
		{FC60811D-8DCD-4F2F-8F11-D35A1D3FB6EE}.Release|x64.Build.0 = Release|x64
		{FC60811D-8DCD-4F2F-8F11-D35A1D3FB6EE}.Release|x86.ActiveCfg = Release|Win32
		{FC60811D-8DCD-4F2F-8F11-D35A1D3FB6EE}.Release|x86.Build.0 = Release|Win32
		{C8F0CA59-07BE-4045-80DF-1FA385EBDCFE}.Debug|x64.ActiveCfg = Debug|x64
		{C8F0CA59-07BE-4045-80DF-1FA385EBDCFE}.Debug|x64.Build.0 = Debug|x64
		{C8F0CA59-07BE-4045-80DF-1FA385EBDCFE}.Debug|x86.ActiveCfg = Debug|Win32
		{C8F0CA59-07BE-4045-80DF-1FA385EBDCFE}.Debug|x86.Build.0 = Debug|Win32
		{C8F0CA59-07BE-4045-80DF-1FA385EBDCFE}.Release|x64.ActiveCfg = Release|x64
		{C8F0CA59-07BE-4045-80DF-1FA385EBDCFE}.Release|x64.Build.0 = Release|x64
		{C8F0CA59-07BE-4045-80DF-1FA385EBDCFE}.Release|x86.ActiveCfg = Release|Win32
		{C8F0CA59-07BE-4045-80DF-1FA385EBDCFE}.Release|x86.Build.0 = Release|Win32
		{910AEA4F-C756-49BC-AB22-28C7AD0C526D}.Debug|x64.ActiveCfg = Debug|Win32
		{910AEA4F-C756-49BC-AB22-28C7AD0C526D}.Debug|x86.ActiveCfg = Debug|Win32
		{910AEA4F-C756-49BC-AB22-28C7AD0C526D}.Debug|x86.Build.0 = Debug|Win32
		{910AEA4F-C756-49BC-AB22-28C7AD0C526D}.Release|x64.ActiveCfg = Release|Win32
		{910AEA4F-C756-49BC-AB22-28C7AD0C526D}.Release|x86.ActiveCfg = Release|Win32
		{910AEA4F-C756-49BC-AB22-28C7AD0C526D}.Release|x86.Build.0 = Release|Win32
		{FCAB2C0A-8C12-4513-A2DD-B3AA0314F4ED}.Debug|x64.ActiveCfg = Debug|x64
		{FCAB2C0A-8C12-4513-A2DD-B3AA0314F4ED}.Debug|x64.Build.0 = Debug|x64
		{FCAB2C0A-8C12-4513-A2DD-B3AA0314F4ED}.Debug|x86.ActiveCfg = Debug|Win32
		{FCAB2C0A-8C12-4513-A2DD-B3AA0314F4ED}.Debug|x86.Build.0 = Debug|Win32
		{FCAB2C0A-8C12-4513-A2DD-B3AA0314F4ED}.Release|x64.ActiveCfg = Release|x64
		{FCAB2C0A-8C12-4513-A2DD-B3AA0314F4ED}.Release|x64.Build.0 = Release|x64
		{FCAB2C0A-8C12-4513-A2DD-B3AA0314F4ED}.Release|x86.ActiveCfg = Release|Win32
		{FCAB2C0A-8C12-4513-A2DD-B3AA0314F4ED}.Release|x86.Build.0 = Release|Win32
		{FE50182A-6DF6-4C48-ABAA-E8C207908AA7}.Debug|x64.ActiveCfg = Debug|x64
		{FE50182A-6DF6-4C48-ABAA-E8C207908AA7}.Debug|x64.Build.0 = Debug|x64
		{FE50182A-6DF6-4C48-ABAA-E8C207908AA7}.Debug|x86.ActiveCfg = Debug|Win32
		{FE50182A-6DF6-4C48-ABAA-E8C207908AA7}.Debug|x86.Build.0 = Debug|Win32
		{FE50182A-6DF6-4C48-ABAA-E8C207908AA7}.Release|x64.ActiveCfg = Release|x64
		{FE50182A-6DF6-4C48-ABAA-E8C207908AA7}.Release|x64.Build.0 = Release|x64
		{FE50182A-6DF6-4C48-ABAA-E8C207908AA7}.Release|x86.ActiveCfg = Release|Win32
		{FE50182A-6DF6-4C48-ABAA-E8C207908AA7}.Release|x86.Build.0 = Release|Win32
		{C33280EA-35C5-48AE-86D8-B7888BD5F7F1}.Debug|x64.ActiveCfg = Debug|x64
		{C33280EA-35C5-48AE-86D8-B7888BD5F7F1}.Debug|x64.Build.0 = Debug|x64
		{C33280EA-35C5-48AE-86D8-B7888BD5F7F1}.Debug|x86.ActiveCfg = Debug|Win32
		{C33280EA-35C5-48AE-86D8-B7888BD5F7F1}.Debug|x86.Build.0 = Debug|Win32
		{C33280EA-35C5-48AE-86D8-B7888BD5F7F1}.Release|x64.ActiveCfg = Release|x64
		{C33280EA-35C5-48AE-86D8-B7888BD5F7F1}.Release|x64.Build.0 = Release|x64
		{C33280EA-35C5-48AE-86D8-B7888BD5F7F1}.Release|x86.ActiveCfg = Release|Win32
		{C33280EA-35C5-48AE-86D8-B7888BD5F7F1}.Release|x86.Build.0 = Release|Win32
		{39887302-A369-4C19-9BF6-779130B07611}.Debug|x64.ActiveCfg = Debug|x64
		{39887302-A369-4C19-9BF6-779130B07611}.Debug|x64.Build.0 = Debug|x64
		{39887302-A369-4C19-9BF6-779130B07611}.Debug|x86.ActiveCfg = Debug|Win32
		{39887302-A369-4C19-9BF6-779130B07611}.Debug|x86.Build.0 = Debug|Win32
		{39887302-A369-4C19-9BF6-779130B07611}.Release|x64.ActiveCfg = Release|x64
		{39887302-A369-4C19-9BF6-779130B07611}.Release|x64.Build.0 = Release|x64
		{39887302-A369-4C19-9BF6-779130B07611}.Release|x86.ActiveCfg = Release|Win32
		{39887302-A369-4C19-9BF6-779130B07611}.Release|x86.Build.0 = Release|Win32
		{65E7BFA0-1CCA-4A6F-B001-3FC3AAF89527}.Debug|x64.ActiveCfg = Debug|x64
		{65E7BFA0-1CCA-4A6F-B001-3FC3AAF89527}.Debug|x64.Build.0 = Debug|x64
		{65E7BFA0-1CCA-4A6F-B001-3FC3AAF89527}.Debug|x86.ActiveCfg = Debug|Win32
		{65E7BFA0-1CCA-4A6F-B001-3FC3AAF89527}.Debug|x86.Build.0 = Debug|Win32
		{65E7BFA0-1CCA-4A6F-B001-3FC3AAF89527}.Release|x64.ActiveCfg = Release|x64
		{65E7BFA0-1CCA-4A6F-B001-3FC3AAF89527}.Release|x64.Build.0 = Release|x64
		{65E7BFA0-1CCA-4A6F-B001-3FC3AAF89527}.Release|x86.ActiveCfg = Release|Win32
		{65E7BFA0-1CCA-4A6F-B001-3FC3AAF89527}.Release|x86.Build.0 = Release|Win32
		{BBA111C4-DF29-43D4-B846-EE94D36CBA80}.Debug|x64.ActiveCfg = Debug|x64
		{BBA111C4-DF29-43D4-B846-EE94D36CBA80}.Debug|x64.Build.0 = Debug|x64
		{BBA111C4-DF29-43D4-B846-EE94D36CBA80}.Debug|x86.ActiveCfg = Debug|Win32
		{BBA111C4-DF29-43D4-B846-EE94D36CBA80}.Debug|x86.Build.0 = Debug|Win32
		{BBA111C4-DF29-43D4-B846-EE94D36CBA80}.Release|x64.ActiveCfg = Release|x64
		{BBA111C4-DF29-43D4-B846-EE94D36CBA80}.Release|x64.Build.0 = Release|x64
		{BBA111C4-DF29-43D4-B846-EE94D36CBA80}.Release|x86.ActiveCfg = Release|Win32
		{BBA111C4-DF29-43D4-B846-EE94D36CBA80}.Release|x86.Build.0 = Release|Win32
		{1DBF2E5A-E568-44BD-90DD-C6674A77F7AD}.Debug|x64.ActiveCfg = Debug|x64
		{1DBF2E5A-E568-44BD-90DD-C6674A77F7AD}.Debug|x64.Build.0 = Debug|x64
		{1DBF2E5A-E568-44BD-90DD-C6674A77F7AD}.Debug|x86.ActiveCfg = Debug|Win32
		{1DBF2E5A-E568-44BD-90DD-C6674A77F7AD}.Debug|x86.Build.0 = Debug|Win32
		{1DBF2E5A-E568-44BD-90DD-C6674A77F7AD}.Release|x64.ActiveCfg = Release|x64
		{1DBF2E5A-E568-44BD-90DD-C6674A77F7AD}.Release|x64.Build.0 = Release|x64
		{1DBF2E5A-E568-44BD-90DD-C6674A77F7AD}.Release|x86.ActiveCfg = Release|Win32
		{1DBF2E5A-E568-44BD-90DD-C6674A77F7AD}.Release|x86.Build.0 = Release|Win32
		{AC373726-D5B2-4CED-A58A-F78D3E1F8633}.Debug|x64.ActiveCfg = Debug|x64
		{AC373726-D5B2-4CED-A58A-F78D3E1F8633}.Debug|x64.Build.0 = Debug|x64
		{AC373726-D5B2-4CED-A58A-F78D3E1F8633}.Debug|x86.ActiveCfg = Debug|Win32
		{AC373726-D5B2-4CED-A58A-F78D3E1F8633}.Debug|x86.Build.0 = Debug|Win32
		{AC373726-D5B2-4CED-A58A-F78D3E1F8633}.Release|x64.ActiveCfg = Release|x64
		{AC373726-D5B2-4CED-A58A-F78D3E1F8633}.Release|x64.Build.0 = Release|x64
		{AC373726-D5B2-4CED-A58A-F78D3E1F8633}.Release|x86.ActiveCfg = Release|Win32
		{AC373726-D5B2-4CED-A58A-F78D3E1F8633}.Release|x86.Build.0 = Release|Win32
		{401A0A1F-ECB1-4122-A4A0-46A90E0E23FF}.Debug|x64.ActiveCfg = Debug|x64
		{401A0A1F-ECB1-4122-A4A0-46A90E0E23FF}.Debug|x64.Build.0 = Debug|x64
		{401A0A1F-ECB1-4122-A4A0-46A90E0E23FF}.Debug|x86.ActiveCfg = Debug|Win32
		{401A0A1F-ECB1-4122-A4A0-46A90E0E23FF}.Debug|x86.Build.0 = Debug|Win32
		{401A0A1F-ECB1-4122-A4A0-46A90E0E23FF}.Release|x64.ActiveCfg = Release|x64
		{401A0A1F-ECB1-4122-A4A0-46A90E0E23FF}.Release|x64.Build.0 = Release|x64
		{401A0A1F-ECB1-4122-A4A0-46A90E0E23FF}.Release|x86.ActiveCfg = Release|Win32
		{401A0A1F-ECB1-4122-A4A0-46A90E0E23FF}.Release|x86.Build.0 = Release|Win32
		{62D3A7E1-F619-4B80-B694-861CD60B0CAB}.Debug|x64.ActiveCfg = Debug|x64
		{62D3A7E1-F619-4B80-B694-861CD60B0CAB}.Debug|x64.Build.0 = Debug|x64
		{62D3A7E1-F619-4B80-B694-861CD60B0CAB}.Debug|x86.ActiveCfg = Debug|Win32
		{62D3A7E1-F619-4B80-B694-861CD60B0CAB}.Debug|x86.Build.0 = Debug|Win32
		{62D3A7E1-F619-4B80-B694-861CD60B0CAB}.Release|x64.ActiveCfg = Release|x64
		{62D3A7E1-F619-4B80-B694-861CD60B0CAB}.Release|x64.Build.0 = Release|x64
		{62D3A7E1-F619-4B80-B694-861CD60B0CAB}.Release|x86.ActiveCfg = Release|Win32
		{62D3A7E1-F619-4B80-B694-861CD60B0CAB}.Release|x86.Build.0 = Release|Win32
		{5C6C84CC-8C00-4741-8F89-EDBAD6BB1128}.Debug|x64.ActiveCfg = Debug|x64
		{5C6C84CC-8C00-4741-8F89-EDBAD6BB1128}.Debug|x64.Build.0 = Debug|x64
		{5C6C84CC-8C00-4741-8F89-EDBAD6BB1128}.Debug|x86.ActiveCfg = Debug|Win32
		{5C6C84CC-8C00-4741-8F89-EDBAD6BB1128}.Debug|x86.Build.0 = Debug|Win32
		{5C6C84CC-8C00-4741-8F89-EDBAD6BB1128}.Release|x64.ActiveCfg = Release|x64
		{5C6C84CC-8C00-4741-8F89-EDBAD6BB1128}.Release|x64.Build.0 = Release|x64
		{5C6C84CC-8C00-4741-8F89-EDBAD6BB1128}.Release|x86.ActiveCfg = Release|Win32
		{5C6C84CC-8C00-4741-8F89-EDBAD6BB1128}.Release|x86.Build.0 = Release|Win32
	EndGlobalSection
	GlobalSection(SolutionProperties) = preSolution
		HideSolutionNode = FALSE
	EndGlobalSection
	GlobalSection(ExtensibilityGlobals) = postSolution
		SolutionGuid = {A3112D0F-F285-4A64-B00B-5C792C5602C6}
	EndGlobalSection
EndGlobal
